{
  "lockfileVersion": 1,
  "configVersion": 1,
  "workspaces": {
    "": {
      "name": "oil",
      "dependencies": {
        "@duckdb/node-api": "^1.4.0-r.0",
        "uplot": "^1.6.31",
      },
    },
  },
  "packages": {
    "@duckdb/node-api": ["@duckdb/node-api@1.4.0-r.2", "", { "dependencies": { "@duckdb/node-bindings": "1.4.0-r.2" } }, "sha512-kt5598+3L1TiSUCyNZ5Zh12hHIQeAzUj51CXKXycQaobEf3KooXZJhjiM1RkELKoGW+GeRotgPw2QUoIyeaWVg=="],

    "@duckdb/node-bindings": ["@duckdb/node-bindings@1.4.0-r.2", "", { "optionalDependencies": { "@duckdb/node-bindings-darwin-arm64": "1.4.0-r.2", "@duckdb/node-bindings-darwin-x64": "1.4.0-r.2", "@duckdb/node-bindings-linux-arm64": "1.4.0-r.2", "@duckdb/node-bindings-linux-x64": "1.4.0-r.2", "@duckdb/node-bindings-win32-x64": "1.4.0-r.2" } }, "sha512-FZEWyV16aQix8rD2BZtcnY3EFw4i+1xP8WRbo1UampJve7krrLV4t9jMSmh4r+Nc5BRJ006A4/jwD6OpNhbR2g=="],

    "@duckdb/node-bindings-darwin-arm64": ["@duckdb/node-bindings-darwin-arm64@1.4.0-r.2", "", { "os": "darwin", "cpu": "arm64" }, "sha512-WaTZhpodKIKROqPC5b3l00rSa1xdnZUmPqngGEJlRSR/YeOGnh1J1ONx5o3q9vkbbzSbsk7POtFwTbmJCvrIDw=="],

    "@duckdb/node-bindings-darwin-x64": ["@duckdb/node-bindings-darwin-x64@1.4.0-r.2", "", { "os": "darwin", "cpu": "x64" }, "sha512-dSCGn4ZV8R7vCdnlJpOfadNtf9YqvpdAGo4CC48O7uRbargDIGQ4lpRJUSAoKsvxC63p3aG3p19regFpRbJqMA=="],

    "@duckdb/node-bindings-linux-arm64": ["@duckdb/node-bindings-linux-arm64@1.4.0-r.2", "", { "os": "linux", "cpu": "arm64" }, "sha512-xB3xI5QcUC7LiyKPFZOYam5nV31SkgGTHazC58sACBB7OSpjBTxD0+EKdTOOA3IymR+mZ7WCPCLfKhyemreqbQ=="],

    "@duckdb/node-bindings-linux-x64": ["@duckdb/node-bindings-linux-x64@1.4.0-r.2", "", { "os": "linux", "cpu": "x64" }, "sha512-t1tuDc2FBdj1hRuP1rtoPoIhnDgMYSMFh1R/OmNbtbvI2K4RIMICp8ya6/RiP2NGyXk9A+NMDooi9kLuNQmlvQ=="],

    "@duckdb/node-bindings-win32-x64": ["@duckdb/node-bindings-win32-x64@1.4.0-r.2", "", { "os": "win32", "cpu": "x64" }, "sha512-aoJHj+EumU2bLKMxk5OpJrD12KREt/o3FF3GaAkhFsQZc95AKWqdOkp3BWGaMqGq7A7cWoqSKBHxMHAlZI9z0A=="],

    "uplot": ["uplot@1.6.32", "", {}, "sha512-KIMVnG68zvu5XXUbC4LQEPnhwOxBuLyW1AHtpm6IKTXImkbLgkMy+jabjLgSLMasNuGGzQm/ep3tOkyTxpiQIw=="],
  }
}
